
Microsoft Visual Studio Solution File, Format Version 12.00
# Visual Studio Version 17
VisualStudioVersion = 17.0.31903.59
MinimumVisualStudioVersion = 10.0.40219.1
Project("{FAE04EC0-301F-11D3-BF4B-00C04F79EFBC}") = "Producer", "Producer\Producer.csproj", "{036DF0DD-9F87-40DF-94E8-E73A71A54A0D}"
EndProject
Project("{FAE04EC0-301F-11D3-BF4B-00C04F79EFBC}") = "Consumer", "Consumer\Consumer.csproj", "{36615400-9605-492B-AE8E-68FC7C4EE6CF}"
EndProject
Project("{FAE04EC0-301F-11D3-BF4B-00C04F79EFBC}") = "Domain", "Domain\Domain.csproj", "{2B6B9593-6B49-4998-9F17-D8984CD9FE3F}"
EndProject
Global
	GlobalSection(SolutionConfigurationPlatforms) = preSolution
		Debug|Any CPU = Debug|Any CPU
		Release|Any CPU = Release|Any CPU
	EndGlobalSection
	GlobalSection(SolutionProperties) = preSolution
		HideSolutionNode = FALSE
	EndGlobalSection
	GlobalSection(ProjectConfigurationPlatforms) = postSolution
		{036DF0DD-9F87-40DF-94E8-E73A71A54A0D}.Debug|Any CPU.ActiveCfg = Debug|Any CPU
		{036DF0DD-9F87-40DF-94E8-E73A71A54A0D}.Debug|Any CPU.Build.0 = Debug|Any CPU
		{036DF0DD-9F87-40DF-94E8-E73A71A54A0D}.Release|Any CPU.ActiveCfg = Release|Any CPU
		{036DF0DD-9F87-40DF-94E8-E73A71A54A0D}.Release|Any CPU.Build.0 = Release|Any CPU
		{36615400-9605-492B-AE8E-68FC7C4EE6CF}.Debug|Any CPU.ActiveCfg = Debug|Any CPU
		{36615400-9605-492B-AE8E-68FC7C4EE6CF}.Debug|Any CPU.Build.0 = Debug|Any CPU
		{36615400-9605-492B-AE8E-68FC7C4EE6CF}.Release|Any CPU.ActiveCfg = Release|Any CPU
		{36615400-9605-492B-AE8E-68FC7C4EE6CF}.Release|Any CPU.Build.0 = Release|Any CPU
		{2B6B9593-6B49-4998-9F17-D8984CD9FE3F}.Debug|Any CPU.ActiveCfg = Debug|Any CPU
		{2B6B9593-6B49-4998-9F17-D8984CD9FE3F}.Debug|Any CPU.Build.0 = Debug|Any CPU
		{2B6B9593-6B49-4998-9F17-D8984CD9FE3F}.Release|Any CPU.ActiveCfg = Release|Any CPU
		{2B6B9593-6B49-4998-9F17-D8984CD9FE3F}.Release|Any CPU.Build.0 = Release|Any CPU
	EndGlobalSection
EndGlobal
